
Microsoft Visual Studio Solution File, Format Version 12.00
# Visual Studio Version 17
VisualStudioVersion = 17.2.32505.173
MinimumVisualStudioVersion = 10.0.40219.1
Project("{FAE04EC0-301F-11D3-BF4B-00C04F79EFBC}") = "HeroKuApp", "HeroKuApp.csproj", "{02F68DEB-6552-400A-AC90-AB25C6102625}"
EndProject
Global
	GlobalSection(SolutionConfigurationPlatforms) = preSolution
		Debug|Any CPU = Debug|Any CPU
		Release|Any CPU = Release|Any CPU
	EndGlobalSection
	GlobalSection(ProjectConfigurationPlatforms) = postSolution
		{02F68DEB-6552-400A-AC90-AB25C6102625}.Debug|Any CPU.ActiveCfg = Debug|Any CPU
		{02F68DEB-6552-400A-AC90-AB25C6102625}.Debug|Any CPU.Build.0 = Debug|Any CPU
		{02F68DEB-6552-400A-AC90-AB25C6102625}.Release|Any CPU.ActiveCfg = Release|Any CPU
		{02F68DEB-6552-400A-AC90-AB25C6102625}.Release|Any CPU.Build.0 = Release|Any CPU
	EndGlobalSection
	GlobalSection(SolutionProperties) = preSolution
		HideSolutionNode = FALSE
	EndGlobalSection
	GlobalSection(ExtensibilityGlobals) = postSolution
		SolutionGuid = {F7A68232-A30C-438B-AF62-84F09DF1E036}
	EndGlobalSection
EndGlobal
